{"filter":false,"title":"package-lock.json","tooltip":"/project/package-lock.json","undoManager":{"mark":-1,"position":-1,"stack":[]},"ace":{"folds":[],"scrolltop":16380,"scrollleft":0,"selection":{"start":{"row":0,"column":0},"end":{"row":0,"column":0},"isBackwards":false},"options":{"guessTabSize":true,"useWrapMode":false,"wrapToView":true},"firstLineState":{"row":1169,"state":"start","mode":"ace/mode/json"}},"timestamp":1620978123229,"hash":"03f91ae9db93296eb1e2dc01470bb27d2cf7fd95"}